
Microsoft Visual Studio Solution File, Format Version 12.00
# Visual Studio Version 16
VisualStudioVersion = 16.0.29123.89
MinimumVisualStudioVersion = 10.0.40219.1
Project("{FAE04EC0-301F-11D3-BF4B-00C04F79EFBC}") = "DemoApplication", "DemoApplication\DemoApplication.csproj", "{21D86552-807B-448D-AE85-EF5999966E5D}"
EndProject
Global
	GlobalSection(SolutionConfigurationPlatforms) = preSolution
		Debug|Any CPU = Debug|Any CPU
		Release|Any CPU = Release|Any CPU
	EndGlobalSection
	GlobalSection(ProjectConfigurationPlatforms) = postSolution
		{21D86552-807B-448D-AE85-EF5999966E5D}.Debug|Any CPU.ActiveCfg = Debug|Any CPU
		{21D86552-807B-448D-AE85-EF5999966E5D}.Debug|Any CPU.Build.0 = Debug|Any CPU
		{21D86552-807B-448D-AE85-EF5999966E5D}.Release|Any CPU.ActiveCfg = Release|Any CPU
		{21D86552-807B-448D-AE85-EF5999966E5D}.Release|Any CPU.Build.0 = Release|Any CPU
	EndGlobalSection
	GlobalSection(SolutionProperties) = preSolution
		HideSolutionNode = FALSE
	EndGlobalSection
	GlobalSection(ExtensibilityGlobals) = postSolution
		SolutionGuid = {7452580C-E2B6-40EF-8F0E-65DE276BB87B}
	EndGlobalSection
EndGlobal
